
Microsoft Visual Studio Solution File, Format Version 12.00
# Visual Studio 15
VisualStudioVersion = 15.0.27703.2000
MinimumVisualStudioVersion = 10.0.40219.1
Project("{FAE04EC0-301F-11D3-BF4B-00C04F79EFBC}") = "Dormitory", "Dormitory\Dormitory.csproj", "{C56AF78C-1595-4090-A0F4-23C880FA4E59}"
EndProject
Global
	GlobalSection(SolutionConfigurationPlatforms) = preSolution
		Debug|Any CPU = Debug|Any CPU
		Release|Any CPU = Release|Any CPU
	EndGlobalSection
	GlobalSection(ProjectConfigurationPlatforms) = postSolution
		{C56AF78C-1595-4090-A0F4-23C880FA4E59}.Debug|Any CPU.ActiveCfg = Debug|Any CPU
		{C56AF78C-1595-4090-A0F4-23C880FA4E59}.Debug|Any CPU.Build.0 = Debug|Any CPU
		{C56AF78C-1595-4090-A0F4-23C880FA4E59}.Release|Any CPU.ActiveCfg = Release|Any CPU
		{C56AF78C-1595-4090-A0F4-23C880FA4E59}.Release|Any CPU.Build.0 = Release|Any CPU
	EndGlobalSection
	GlobalSection(SolutionProperties) = preSolution
		HideSolutionNode = FALSE
	EndGlobalSection
	GlobalSection(ExtensibilityGlobals) = postSolution
		SolutionGuid = {1545748D-3D54-4332-A8E1-4B44A0FD7576}
	EndGlobalSection
EndGlobal
